
Microsoft Visual Studio Solution File, Format Version 12.00
# Visual Studio 15
Project("{FAE04EC0-301F-11D3-BF4B-00C04F79EFBC}") = "ArcGISMapsSDK", "ArcGISMapsSDK.csproj", "{16658050-29D5-F808-3CC9-4F9545A2C819}"
EndProject
Project("{FAE04EC0-301F-11D3-BF4B-00C04F79EFBC}") = "ArcGISMapsSDKSamples", "ArcGISMapsSDKSamples.csproj", "{3C55E247-C46B-27CE-1E62-A6BFF99D02A1}"
EndProject
Project("{FAE04EC0-301F-11D3-BF4B-00C04F79EFBC}") = "ArcGISMapsSDKEditor", "ArcGISMapsSDKEditor.csproj", "{81250A70-20C1-DCCF-50BF-8CD9A53C616F}"
EndProject
Global
	GlobalSection(SolutionConfigurationPlatforms) = preSolution
		Debug|Any CPU = Debug|Any CPU
		Release|Any CPU = Release|Any CPU
	EndGlobalSection
	GlobalSection(ProjectConfigurationPlatforms) = postSolution
		{16658050-29D5-F808-3CC9-4F9545A2C819}.Debug|Any CPU.ActiveCfg = Debug|Any CPU
		{16658050-29D5-F808-3CC9-4F9545A2C819}.Debug|Any CPU.Build.0 = Debug|Any CPU
		{16658050-29D5-F808-3CC9-4F9545A2C819}.Release|Any CPU.ActiveCfg = Release|Any CPU
		{16658050-29D5-F808-3CC9-4F9545A2C819}.Release|Any CPU.Build.0 = Release|Any CPU
		{3C55E247-C46B-27CE-1E62-A6BFF99D02A1}.Debug|Any CPU.ActiveCfg = Debug|Any CPU
		{3C55E247-C46B-27CE-1E62-A6BFF99D02A1}.Debug|Any CPU.Build.0 = Debug|Any CPU
		{3C55E247-C46B-27CE-1E62-A6BFF99D02A1}.Release|Any CPU.ActiveCfg = Release|Any CPU
		{3C55E247-C46B-27CE-1E62-A6BFF99D02A1}.Release|Any CPU.Build.0 = Release|Any CPU
		{81250A70-20C1-DCCF-50BF-8CD9A53C616F}.Debug|Any CPU.ActiveCfg = Debug|Any CPU
		{81250A70-20C1-DCCF-50BF-8CD9A53C616F}.Debug|Any CPU.Build.0 = Debug|Any CPU
		{81250A70-20C1-DCCF-50BF-8CD9A53C616F}.Release|Any CPU.ActiveCfg = Release|Any CPU
		{81250A70-20C1-DCCF-50BF-8CD9A53C616F}.Release|Any CPU.Build.0 = Release|Any CPU
	EndGlobalSection
	GlobalSection(SolutionProperties) = preSolution
		HideSolutionNode = FALSE
	EndGlobalSection
EndGlobal
